dependencies:
- name: postgresql
  repository: oci://registry-1.docker.io/bitnamicharts
  version: 18.7.12
- name: valkey
  repository: https://valkey.io/valkey-helm/
  version: 0.9.3
- name: neo4j
  repository: https://helm.neo4j.com/neo4j
  version: 2025.12.1
digest: sha256:0cb0bd810ce8c5352090fb0cdcce5b96ff26e612d52c62e75c7091b7c1724cfa
generated: "2026-07-14T05:24:46.381974184Z"
